
Microsoft Visual Studio Solution File, Format Version 12.00
# Visual Studio Version 17
VisualStudioVersion = 17.9.34728.123
MinimumVisualStudioVersion = 10.0.40219.1
Project("{9A19103F-16F7-4668-BE54-9A1E7A4F7556}") = "Practice3DPrinterFilterApp", "Practice3DPrinterFilterApp.csproj", "{8E4D19ED-87E8-4EE5-87B3-BAB951F6B2F3}"
EndProject
Project("{54435603-DBB4-11D2-8724-00A0C9A8B90C}") = "3dPrinterSearchSetup", "..\3dPrinterSearchSetup\3dPrinterSearchSetup.vdproj", "{DE7B8D02-A4AB-4A45-85AA-23B6A9453349}"
EndProject
Global
	GlobalSection(SolutionConfigurationPlatforms) = preSolution
		Debug|Any CPU = Debug|Any CPU
		Release|Any CPU = Release|Any CPU
	EndGlobalSection
	GlobalSection(ProjectConfigurationPlatforms) = postSolution
		{8E4D19ED-87E8-4EE5-87B3-BAB951F6B2F3}.Debug|Any CPU.ActiveCfg = Release|Any CPU
		{8E4D19ED-87E8-4EE5-87B3-BAB951F6B2F3}.Debug|Any CPU.Build.0 = Release|Any CPU
		{8E4D19ED-87E8-4EE5-87B3-BAB951F6B2F3}.Release|Any CPU.ActiveCfg = Release|Any CPU
		{8E4D19ED-87E8-4EE5-87B3-BAB951F6B2F3}.Release|Any CPU.Build.0 = Release|Any CPU
		{DE7B8D02-A4AB-4A45-85AA-23B6A9453349}.Debug|Any CPU.ActiveCfg = Release
		{DE7B8D02-A4AB-4A45-85AA-23B6A9453349}.Release|Any CPU.ActiveCfg = Release
	EndGlobalSection
	GlobalSection(SolutionProperties) = preSolution
		HideSolutionNode = FALSE
	EndGlobalSection
	GlobalSection(ExtensibilityGlobals) = postSolution
		SolutionGuid = {E4B732EA-7B63-4B39-B9D5-87EB93956AFA}
	EndGlobalSection
EndGlobal
