
Microsoft Visual Studio Solution File, Format Version 12.00
# Visual Studio Version 17
VisualStudioVersion = 17.9.34728.123
MinimumVisualStudioVersion = 10.0.40219.1
Project("{9A19103F-16F7-4668-BE54-9A1E7A4F7556}") = "CinemaTicketSeller", "CinemaTicketSeller.csproj", "{C961A462-16DD-499E-B33F-387AF939EE3C}"
EndProject
Global
	GlobalSection(SolutionConfigurationPlatforms) = preSolution
		Debug|Any CPU = Debug|Any CPU
		Release|Any CPU = Release|Any CPU
	EndGlobalSection
	GlobalSection(ProjectConfigurationPlatforms) = postSolution
		{C961A462-16DD-499E-B33F-387AF939EE3C}.Debug|Any CPU.ActiveCfg = Debug|Any CPU
		{C961A462-16DD-499E-B33F-387AF939EE3C}.Debug|Any CPU.Build.0 = Debug|Any CPU
		{C961A462-16DD-499E-B33F-387AF939EE3C}.Release|Any CPU.ActiveCfg = Release|Any CPU
		{C961A462-16DD-499E-B33F-387AF939EE3C}.Release|Any CPU.Build.0 = Release|Any CPU
	EndGlobalSection
	GlobalSection(SolutionProperties) = preSolution
		HideSolutionNode = FALSE
	EndGlobalSection
	GlobalSection(ExtensibilityGlobals) = postSolution
		SolutionGuid = {F11B9EFB-8218-4F08-AAD8-2D353C63DC54}
	EndGlobalSection
EndGlobal
