
Microsoft Visual Studio Solution File, Format Version 12.00
# Visual Studio Version 17
VisualStudioVersion = 17.9.34723.18
MinimumVisualStudioVersion = 10.0.40219.1
Project("{FAE04EC0-301F-11D3-BF4B-00C04F79EFBC}") = "CinemaTicketSeller", "CinemaTicketSeller.csproj", "{770F6197-387B-48E3-B85E-F96B50A2CB82}"
EndProject
Global
	GlobalSection(SolutionConfigurationPlatforms) = preSolution
		Debug|Any CPU = Debug|Any CPU
		Release|Any CPU = Release|Any CPU
	EndGlobalSection
	GlobalSection(ProjectConfigurationPlatforms) = postSolution
		{770F6197-387B-48E3-B85E-F96B50A2CB82}.Debug|Any CPU.ActiveCfg = Debug|Any CPU
		{770F6197-387B-48E3-B85E-F96B50A2CB82}.Debug|Any CPU.Build.0 = Debug|Any CPU
		{770F6197-387B-48E3-B85E-F96B50A2CB82}.Release|Any CPU.ActiveCfg = Release|Any CPU
		{770F6197-387B-48E3-B85E-F96B50A2CB82}.Release|Any CPU.Build.0 = Release|Any CPU
	EndGlobalSection
	GlobalSection(SolutionProperties) = preSolution
		HideSolutionNode = FALSE
	EndGlobalSection
	GlobalSection(ExtensibilityGlobals) = postSolution
		SolutionGuid = {8B06C872-B0E3-4C1F-8CD7-61B277E2AC32}
	EndGlobalSection
EndGlobal
